Microsoft Visual Studio Solution File, Format Version 11.00
# Visual Studio 2008

Project("{3095C3E4-F146-5133-E5E6-BE134EB2EBE2}") = "Tester", "Assembly-CSharp-firstpass.csproj", "{297A7529-7E1C-81F2-D01D-5BCA2FC1339A}"
EndProject
Project("{3095C3E4-F146-5133-E5E6-BE134EB2EBE2}") = "Tester", "Assembly-CSharp.csproj", "{4D8D6104-992A-5F36-C9EC-BA45C2673035}"
EndProject
Project("{3095C3E4-F146-5133-E5E6-BE134EB2EBE2}") = "Tester", "Assembly-CSharp-Editor.csproj", "{3A410AAB-349A-4D19-1C17-96A0EBEC05A5}"
EndProject
Global
	GlobalSection(SolutionConfigurationPlatforms) = preSolution
		Debug|Any CPU = Debug|Any CPU
		Release|Any CPU = Release|Any CPU
	EndGlobalSection
	GlobalSection(ProjectConfigurationPlatforms) = postSolution
		{297A7529-7E1C-81F2-D01D-5BCA2FC1339A}.Debug|Any CPU.ActiveCfg = Debug|Any CPU
		{297A7529-7E1C-81F2-D01D-5BCA2FC1339A}.Debug|Any CPU.Build.0 = Debug|Any CPU
		{297A7529-7E1C-81F2-D01D-5BCA2FC1339A}.Release|Any CPU.ActiveCfg = Release|Any CPU
		{297A7529-7E1C-81F2-D01D-5BCA2FC1339A}.Release|Any CPU.Build.0 = Release|Any CPU
		{4D8D6104-992A-5F36-C9EC-BA45C2673035}.Debug|Any CPU.ActiveCfg = Debug|Any CPU
		{4D8D6104-992A-5F36-C9EC-BA45C2673035}.Debug|Any CPU.Build.0 = Debug|Any CPU
		{4D8D6104-992A-5F36-C9EC-BA45C2673035}.Release|Any CPU.ActiveCfg = Release|Any CPU
		{4D8D6104-992A-5F36-C9EC-BA45C2673035}.Release|Any CPU.Build.0 = Release|Any CPU
		{3A410AAB-349A-4D19-1C17-96A0EBEC05A5}.Debug|Any CPU.ActiveCfg = Debug|Any CPU
		{3A410AAB-349A-4D19-1C17-96A0EBEC05A5}.Debug|Any CPU.Build.0 = Debug|Any CPU
		{3A410AAB-349A-4D19-1C17-96A0EBEC05A5}.Release|Any CPU.ActiveCfg = Release|Any CPU
		{3A410AAB-349A-4D19-1C17-96A0EBEC05A5}.Release|Any CPU.Build.0 = Release|Any CPU
	EndGlobalSection
	GlobalSection(SolutionProperties) = preSolution
		HideSolutionNode = FALSE
	EndGlobalSection
	GlobalSection(MonoDevelopProperties) = preSolution
		StartupItem = Assembly-CSharp.csproj
	EndGlobalSection
EndGlobal
