Microsoft Visual Studio Solution File, Format Version 11.00
# Visual Studio 2008

Project("{D5F5F645-9BB6-28AB-1386-2DF8671959D3}") = "Love Story", "Assembly-CSharp-firstpass.csproj", "{AF971591-1B2A-D6A9-E4C6-9D74A1155374}"
EndProject
Project("{D5F5F645-9BB6-28AB-1386-2DF8671959D3}") = "Love Story", "Assembly-CSharp.csproj", "{AF3965AD-F2B3-D336-7874-AD860332DE10}"
EndProject
Project("{D5F5F645-9BB6-28AB-1386-2DF8671959D3}") = "Love Story", "Assembly-CSharp-Editor.csproj", "{21DA0CC9-5EDD-DAA6-BA77-A2F6F5D9A9FF}"
EndProject
Global
	GlobalSection(SolutionConfigurationPlatforms) = preSolution
		Debug|Any CPU = Debug|Any CPU
		Release|Any CPU = Release|Any CPU
	EndGlobalSection
	GlobalSection(ProjectConfigurationPlatforms) = postSolution
		{AF971591-1B2A-D6A9-E4C6-9D74A1155374}.Debug|Any CPU.ActiveCfg = Debug|Any CPU
		{AF971591-1B2A-D6A9-E4C6-9D74A1155374}.Debug|Any CPU.Build.0 = Debug|Any CPU
		{AF971591-1B2A-D6A9-E4C6-9D74A1155374}.Release|Any CPU.ActiveCfg = Release|Any CPU
		{AF971591-1B2A-D6A9-E4C6-9D74A1155374}.Release|Any CPU.Build.0 = Release|Any CPU
		{AF3965AD-F2B3-D336-7874-AD860332DE10}.Debug|Any CPU.ActiveCfg = Debug|Any CPU
		{AF3965AD-F2B3-D336-7874-AD860332DE10}.Debug|Any CPU.Build.0 = Debug|Any CPU
		{AF3965AD-F2B3-D336-7874-AD860332DE10}.Release|Any CPU.ActiveCfg = Release|Any CPU
		{AF3965AD-F2B3-D336-7874-AD860332DE10}.Release|Any CPU.Build.0 = Release|Any CPU
		{21DA0CC9-5EDD-DAA6-BA77-A2F6F5D9A9FF}.Debug|Any CPU.ActiveCfg = Debug|Any CPU
		{21DA0CC9-5EDD-DAA6-BA77-A2F6F5D9A9FF}.Debug|Any CPU.Build.0 = Debug|Any CPU
		{21DA0CC9-5EDD-DAA6-BA77-A2F6F5D9A9FF}.Release|Any CPU.ActiveCfg = Release|Any CPU
		{21DA0CC9-5EDD-DAA6-BA77-A2F6F5D9A9FF}.Release|Any CPU.Build.0 = Release|Any CPU
	EndGlobalSection
	GlobalSection(SolutionProperties) = preSolution
		HideSolutionNode = FALSE
	EndGlobalSection
	GlobalSection(MonoDevelopProperties) = preSolution
		StartupItem = Assembly-CSharp.csproj
	EndGlobalSection
EndGlobal
